
Microsoft Visual Studio Solution File, Format Version 12.00
# Visual Studio Version 17
VisualStudioVersion = 17.14.36518.9 d17.14
MinimumVisualStudioVersion = 10.0.40219.1
Project("{FAE04EC0-301F-11D3-BF4B-00C04F79EFBC}") = "Veeam-test-task", "Veeam-test-task.csproj", "{934022EF-860D-4F64-ADEA-9F77971E1B73}"
EndProject
Global
	GlobalSection(SolutionConfigurationPlatforms) = preSolution
		Debug|Any CPU = Debug|Any CPU
		Release|Any CPU = Release|Any CPU
	EndGlobalSection
	GlobalSection(ProjectConfigurationPlatforms) = postSolution
		{934022EF-860D-4F64-ADEA-9F77971E1B73}.Debug|Any CPU.ActiveCfg = Debug|Any CPU
		{934022EF-860D-4F64-ADEA-9F77971E1B73}.Debug|Any CPU.Build.0 = Debug|Any CPU
		{934022EF-860D-4F64-ADEA-9F77971E1B73}.Release|Any CPU.ActiveCfg = Release|Any CPU
		{934022EF-860D-4F64-ADEA-9F77971E1B73}.Release|Any CPU.Build.0 = Release|Any CPU
	EndGlobalSection
	GlobalSection(SolutionProperties) = preSolution
		HideSolutionNode = FALSE
	EndGlobalSection
	GlobalSection(ExtensibilityGlobals) = postSolution
		SolutionGuid = {5E45AF3D-8F7C-46B0-9B63-5B770322529E}
	EndGlobalSection
EndGlobal
